// !$*UTF8*$!
{
	archiveVersion = 1;
	classes = {
	};
	objectVersion = 50;
	objects = {

/* Begin PBXBuildFile section */
		154B252D241AC58E0044D43E /* HomePageTableViewCell.swift in Sources */ = {isa = PBXBuildFile; fileRef = 154B252B241AC58E0044D43E /* HomePageTableViewCell.swift */; };
		154B252E241AC58E0044D43E /* HomePageTableViewCell.xib in Resources */ = {isa = PBXBuildFile; fileRef = 154B252C241AC58E0044D43E /* HomePageTableViewCell.xib */; };
		154B2530241BC4360044D43E /* HomePageViewModel.swift in Sources */ = {isa = PBXBuildFile; fileRef = 154B252F241BC4360044D43E /* HomePageViewModel.swift */; };
		154B2533241BF7960044D43E /* APIError.swift in Sources */ = {isa = PBXBuildFile; fileRef = 154B2532241BF7960044D43E /* APIError.swift */; };
		154B2537241E8A390044D43E /* HomePageVC_Extension_CurrentLocation.swift in Sources */ = {isa = PBXBuildFile; fileRef = 154B2536241E8A390044D43E /* HomePageVC_Extension_CurrentLocation.swift */; };
		15A90D6C2413D3D500AAFD7E /* AppDelegate.swift in Sources */ = {isa = PBXBuildFile; fileRef = 15A90D6B2413D3D500AAFD7E /* AppDelegate.swift */; };
		15A90D6E2413D3D500AAFD7E /* SceneDelegate.swift in Sources */ = {isa = PBXBuildFile; fileRef = 15A90D6D2413D3D500AAFD7E /* SceneDelegate.swift */; };
		15A90D702413D3D500AAFD7E /* ViewController.swift in Sources */ = {isa = PBXBuildFile; fileRef = 15A90D6F2413D3D500AAFD7E /* ViewController.swift */; };
		15A90D732413D3D500AAFD7E /* Main.storyboard in Resources */ = {isa = PBXBuildFile; fileRef = 15A90D712413D3D500AAFD7E /* Main.storyboard */; };
		15A90D762413D3D500AAFD7E /* WeatherApp.xcdatamodeld in Sources */ = {isa = PBXBuildFile; fileRef = 15A90D742413D3D500AAFD7E /* WeatherApp.xcdatamodeld */; };
		15A90D782413D3D800AAFD7E /* Assets.xcassets in Resources */ = {isa = PBXBuildFile; fileRef = 15A90D772413D3D800AAFD7E /* Assets.xcassets */; };
		15A90D7B2413D3D800AAFD7E /* LaunchScreen.storyboard in Resources */ = {isa = PBXBuildFile; fileRef = 15A90D792413D3D800AAFD7E /* LaunchScreen.storyboard */; };
		15A90D862413D3D800AAFD7E /* WeatherAppTests.swift in Sources */ = {isa = PBXBuildFile; fileRef = 15A90D852413D3D800AAFD7E /* WeatherAppTests.swift */; };
		15A90D912413D3D800AAFD7E /* WeatherAppUITests.swift in Sources */ = {isa = PBXBuildFile; fileRef = 15A90D902413D3D800AAFD7E /* WeatherAppUITests.swift */; };
		15A90DA02413E38900AAFD7E /* APIService.swift in Sources */ = {isa = PBXBuildFile; fileRef = 15A90D9F2413E38900AAFD7E /* APIService.swift */; };
		15A90DA22413E53500AAFD7E /* APICalls.swift in Sources */ = {isa = PBXBuildFile; fileRef = 15A90DA12413E53500AAFD7E /* APICalls.swift */; };
		15A90DA42413E56800AAFD7E /* Model.swift in Sources */ = {isa = PBXBuildFile; fileRef = 15A90DA32413E56800AAFD7E /* Model.swift */; };
		15A90DA62413F78600AAFD7E /* Response.swift in Sources */ = {isa = PBXBuildFile; fileRef = 15A90DA52413F78600AAFD7E /* Response.swift */; };
		15A90DAC241580BF00AAFD7E /* HomePageViewController.swift in Sources */ = {isa = PBXBuildFile; fileRef = 15A90DAB241580BF00AAFD7E /* HomePageViewController.swift */; };
/* End PBXBuildFile section */

/* Begin PBXContainerItemProxy section */
		15A90D822413D3D800AAFD7E /* PBXContainerItemProxy */ = {
			isa = PBXContainerItemProxy;
			containerPortal = 15A90D602413D3D500AAFD7E /* Project object */;
			proxyType = 1;
			remoteGlobalIDString = 15A90D672413D3D500AAFD7E;
			remoteInfo = WeatherApp;
		};
		15A90D8D2413D3D800AAFD7E /* PBXContainerItemProxy */ = {
			isa = PBXContainerItemProxy;
			containerPortal = 15A90D602413D3D500AAFD7E /* Project object */;
			proxyType = 1;
			remoteGlobalIDString = 15A90D672413D3D500AAFD7E;
			remoteInfo = WeatherApp;
		};
/* End PBXContainerItemProxy section */

/* Begin PBXFileReference section */
		154B252B241AC58E0044D43E /* HomePageTableViewCell.swift */ = {isa = PBXFileReference; lastKnownFileType = sourcecode.swift; path = HomePageTableViewCell.swift; sourceTree = "<group>"; };
		154B252C241AC58E0044D43E /* HomePageTableViewCell.xib */ = {isa = PBXFileReference; lastKnownFileType = file.xib; path = HomePageTableViewCell.xib; sourceTree = "<group>"; };
		154B252F241BC4360044D43E /* HomePageViewModel.swift */ = {isa = PBXFileReference; lastKnownFileType = sourcecode.swift; path = HomePageViewModel.swift; sourceTree = "<group>"; };
		154B2532241BF7960044D43E /* APIError.swift */ = {isa = PBXFileReference; lastKnownFileType = sourcecode.swift; path = APIError.swift; sourceTree = "<group>"; };
		154B2536241E8A390044D43E /* HomePageVC_Extension_CurrentLocation.swift */ = {isa = PBXFileReference; lastKnownFileType = sourcecode.swift; path = HomePageVC_Extension_CurrentLocation.swift; sourceTree = "<group>"; };
		15A90D682413D3D500AAFD7E /* WeatherApp.app */ = {isa = PBXFileReference; explicitFileType = wrapper.application; includeInIndex = 0; path = WeatherApp.app; sourceTree = BUILT_PRODUCTS_DIR; };
		15A90D6B2413D3D500AAFD7E /* AppDelegate.swift */ = {isa = PBXFileReference; lastKnownFileType = sourcecode.swift; path = AppDelegate.swift; sourceTree = "<group>"; };
		15A90D6D2413D3D500AAFD7E /* SceneDelegate.swift */ = {isa = PBXFileReference; lastKnownFileType = sourcecode.swift; path = SceneDelegate.swift; sourceTree = "<group>"; };
		15A90D6F2413D3D500AAFD7E /* ViewController.swift */ = {isa = PBXFileReference; lastKnownFileType = sourcecode.swift; path = ViewController.swift; sourceTree = "<group>"; };
		15A90D722413D3D500AAFD7E /* Base */ = {isa = PBXFileReference; lastKnownFileType = file.storyboard; name = Base; path = Base.lproj/Main.storyboard; sourceTree = "<group>"; };
		15A90D752413D3D500AAFD7E /* WeatherApp.xcdatamodel */ = {isa = PBXFileReference; lastKnownFileType = wrapper.xcdatamodel; path = WeatherApp.xcdatamodel; sourceTree = "<group>"; };
		15A90D772413D3D800AAFD7E /* Assets.xcassets */ = {isa = PBXFileReference; lastKnownFileType = folder.assetcatalog; path = Assets.xcassets; sourceTree = "<group>"; };
		15A90D7A2413D3D800AAFD7E /* Base */ = {isa = PBXFileReference; lastKnownFileType = file.storyboard; name = Base; path = Base.lproj/LaunchScreen.storyboard; sourceTree = "<group>"; };
		15A90D7C2413D3D800AAFD7E /* Info.plist */ = {isa = PBXFileReference; lastKnownFileType = text.plist.xml; path = Info.plist; sourceTree = "<group>"; };
		15A90D812413D3D800AAFD7E /* WeatherAppTests.xctest */ = {isa = PBXFileReference; explicitFileType = wrapper.cfbundle; includeInIndex = 0; path = WeatherAppTests.xctest; sourceTree = BUILT_PRODUCTS_DIR; };
		15A90D852413D3D800AAFD7E /* WeatherAppTests.swift */ = {isa = PBXFileReference; lastKnownFileType = sourcecode.swift; path = WeatherAppTests.swift; sourceTree = "<group>"; };
		15A90D872413D3D800AAFD7E /* Info.plist */ = {isa = PBXFileReference; lastKnownFileType = text.plist.xml; path = Info.plist; sourceTree = "<group>"; };
		15A90D8C2413D3D800AAFD7E /* WeatherAppUITests.xctest */ = {isa = PBXFileReference; explicitFileType = wrapper.cfbundle; includeInIndex = 0; path = WeatherAppUITests.xctest; sourceTree = BUILT_PRODUCTS_DIR; };
		15A90D902413D3D800AAFD7E /* WeatherAppUITests.swift */ = {isa = PBXFileReference; lastKnownFileType = sourcecode.swift; path = WeatherAppUITests.swift; sourceTree = "<group>"; };
		15A90D922413D3D800AAFD7E /* Info.plist */ = {isa = PBXFileReference; lastKnownFileType = text.plist.xml; path = Info.plist; sourceTree = "<group>"; };
		15A90D9F2413E38900AAFD7E /* APIService.swift */ = {isa = PBXFileReference; lastKnownFileType = sourcecode.swift; path = APIService.swift; sourceTree = "<group>"; };
		15A90DA12413E53500AAFD7E /* APICalls.swift */ = {isa = PBXFileReference; lastKnownFileType = sourcecode.swift; path = APICalls.swift; sourceTree = "<group>"; };
		15A90DA32413E56800AAFD7E /* Model.swift */ = {isa = PBXFileReference; lastKnownFileType = sourcecode.swift; path = Model.swift; sourceTree = "<group>"; };
		15A90DA52413F78600AAFD7E /* Response.swift */ = {isa = PBXFileReference; lastKnownFileType = sourcecode.swift; path = Response.swift; sourceTree = "<group>"; };
		15A90DAB241580BF00AAFD7E /* HomePageViewController.swift */ = {isa = PBXFileReference; lastKnownFileType = sourcecode.swift; path = HomePageViewController.swift; sourceTree = "<group>"; };
/* End PBXFileReference section */

/* Begin PBXFrameworksBuildPhase section */
		15A90D652413D3D500AAFD7E /* Frameworks */ = {
			isa = PBXFrameworksBuildPhase;
			buildActionMask = 2147483647;
			files = (
			);
			runOnlyForDeploymentPostprocessing = 0;
		};
		15A90D7E2413D3D800AAFD7E /* Frameworks */ = {
			isa = PBXFrameworksBuildPhase;
			buildActionMask = 2147483647;
			files = (
			);
			runOnlyForDeploymentPostprocessing = 0;
		};
		15A90D892413D3D800AAFD7E /* Frameworks */ = {
			isa = PBXFrameworksBuildPhase;
			buildActionMask = 2147483647;
			files = (
			);
			runOnlyForDeploymentPostprocessing = 0;
		};
/* End PBXFrameworksBuildPhase section */

/* Begin PBXGroup section */
		15A90D5F2413D3D400AAFD7E = {
			isa = PBXGroup;
			children = (
				15A90D6A2413D3D500AAFD7E /* WeatherApp */,
				15A90D842413D3D800AAFD7E /* WeatherAppTests */,
				15A90D8F2413D3D800AAFD7E /* WeatherAppUITests */,
				15A90D692413D3D500AAFD7E /* Products */,
			);
			sourceTree = "<group>";
		};
		15A90D692413D3D500AAFD7E /* Products */ = {
			isa = PBXGroup;
			children = (
				15A90D682413D3D500AAFD7E /* WeatherApp.app */,
				15A90D812413D3D800AAFD7E /* WeatherAppTests.xctest */,
				15A90D8C2413D3D800AAFD7E /* WeatherAppUITests.xctest */,
			);
			name = Products;
			sourceTree = "<group>";
		};
		15A90D6A2413D3D500AAFD7E /* WeatherApp */ = {
			isa = PBXGroup;
			children = (
				15A90DAA241580AA00AAFD7E /* HomePage */,
				15A90D9E2413D3E300AAFD7E /* Networking */,
				15A90D6B2413D3D500AAFD7E /* AppDelegate.swift */,
				15A90D6D2413D3D500AAFD7E /* SceneDelegate.swift */,
				15A90D6F2413D3D500AAFD7E /* ViewController.swift */,
				15A90D712413D3D500AAFD7E /* Main.storyboard */,
				15A90D772413D3D800AAFD7E /* Assets.xcassets */,
				15A90D792413D3D800AAFD7E /* LaunchScreen.storyboard */,
				15A90D7C2413D3D800AAFD7E /* Info.plist */,
				15A90D742413D3D500AAFD7E /* WeatherApp.xcdatamodeld */,
				15A90DA32413E56800AAFD7E /* Model.swift */,
			);
			path = WeatherApp;
			sourceTree = "<group>";
		};
		15A90D842413D3D800AAFD7E /* WeatherAppTests */ = {
			isa = PBXGroup;
			children = (
				15A90D852413D3D800AAFD7E /* WeatherAppTests.swift */,
				15A90D872413D3D800AAFD7E /* Info.plist */,
			);
			path = WeatherAppTests;
			sourceTree = "<group>";
		};
		15A90D8F2413D3D800AAFD7E /* WeatherAppUITests */ = {
			isa = PBXGroup;
			children = (
				15A90D902413D3D800AAFD7E /* WeatherAppUITests.swift */,
				15A90D922413D3D800AAFD7E /* Info.plist */,
			);
			path = WeatherAppUITests;
			sourceTree = "<group>";
		};
		15A90D9E2413D3E300AAFD7E /* Networking */ = {
			isa = PBXGroup;
			children = (
				15A90D9F2413E38900AAFD7E /* APIService.swift */,
				15A90DA12413E53500AAFD7E /* APICalls.swift */,
				15A90DA52413F78600AAFD7E /* Response.swift */,
				154B2532241BF7960044D43E /* APIError.swift */,
			);
			path = Networking;
			sourceTree = "<group>";
		};
		15A90DAA241580AA00AAFD7E /* HomePage */ = {
			isa = PBXGroup;
			children = (
				15A90DAB241580BF00AAFD7E /* HomePageViewController.swift */,
				154B252B241AC58E0044D43E /* HomePageTableViewCell.swift */,
				154B252C241AC58E0044D43E /* HomePageTableViewCell.xib */,
				154B252F241BC4360044D43E /* HomePageViewModel.swift */,
				154B2536241E8A390044D43E /* HomePageVC_Extension_CurrentLocation.swift */,
			);
			path = HomePage;
			sourceTree = "<group>";
		};
/* End PBXGroup section */

/* Begin PBXNativeTarget section */
		15A90D672413D3D500AAFD7E /* WeatherApp */ = {
			isa = PBXNativeTarget;
			buildConfigurationList = 15A90D952413D3D800AAFD7E /* Build configuration list for PBXNativeTarget "WeatherApp" */;
			buildPhases = (
				15A90D642413D3D500AAFD7E /* Sources */,
				15A90D652413D3D500AAFD7E /* Frameworks */,
				15A90D662413D3D500AAFD7E /* Resources */,
			);
			buildRules = (
			);
			dependencies = (
			);
			name = WeatherApp;
			productName = WeatherApp;
			productReference = 15A90D682413D3D500AAFD7E /* WeatherApp.app */;
			productType = "com.apple.product-type.application";
		};
		15A90D802413D3D800AAFD7E /* WeatherAppTests */ = {
			isa = PBXNativeTarget;
			buildConfigurationList = 15A90D982413D3D800AAFD7E /* Build configuration list for PBXNativeTarget "WeatherAppTests" */;
			buildPhases = (
				15A90D7D2413D3D800AAFD7E /* Sources */,
				15A90D7E2413D3D800AAFD7E /* Frameworks */,
				15A90D7F2413D3D800AAFD7E /* Resources */,
			);
			buildRules = (
			);
			dependencies = (
				15A90D832413D3D800AAFD7E /* PBXTargetDependency */,
			);
			name = WeatherAppTests;
			productName = WeatherAppTests;
			productReference = 15A90D812413D3D800AAFD7E /* WeatherAppTests.xctest */;
			productType = "com.apple.product-type.bundle.unit-test";
		};
		15A90D8B2413D3D800AAFD7E /* WeatherAppUITests */ = {
			isa = PBXNativeTarget;
			buildConfigurationList = 15A90D9B2413D3D800AAFD7E /* Build configuration list for PBXNativeTarget "WeatherAppUITests" */;
			buildPhases = (
				15A90D882413D3D800AAFD7E /* Sources */,
				15A90D892413D3D800AAFD7E /* Frameworks */,
				15A90D8A2413D3D800AAFD7E /* Resources */,
			);
			buildRules = (
			);
			dependencies = (
				15A90D8E2413D3D800AAFD7E /* PBXTargetDependency */,
			);
			name = WeatherAppUITests;
			productName = WeatherAppUITests;
			productReference = 15A90D8C2413D3D800AAFD7E /* WeatherAppUITests.xctest */;
			productType = "com.apple.product-type.bundle.ui-testing";
		};
/* End PBXNativeTarget section */

/* Begin PBXProject section */
		15A90D602413D3D500AAFD7E /* Project object */ = {
			isa = PBXProject;
			attributes = {
				LastSwiftUpdateCheck = 1130;
				LastUpgradeCheck = 1130;
				ORGANIZATIONNAME = "Ali Rahal";
				TargetAttributes = {
					15A90D672413D3D500AAFD7E = {
						CreatedOnToolsVersion = 11.3.1;
					};
					15A90D802413D3D800AAFD7E = {
						CreatedOnToolsVersion = 11.3.1;
						TestTargetID = 15A90D672413D3D500AAFD7E;
					};
					15A90D8B2413D3D800AAFD7E = {
						CreatedOnToolsVersion = 11.3.1;
						TestTargetID = 15A90D672413D3D500AAFD7E;
					};
				};
			};
			buildConfigurationList = 15A90D632413D3D500AAFD7E /* Build configuration list for PBXProject "WeatherApp" */;
			compatibilityVersion = "Xcode 9.3";
			developmentRegion = en;
			hasScannedForEncodings = 0;
			knownRegions = (
				en,
				Base,
			);
			mainGroup = 15A90D5F2413D3D400AAFD7E;
			productRefGroup = 15A90D692413D3D500AAFD7E /* Products */;
			projectDirPath = "";
			projectRoot = "";
			targets = (
				15A90D672413D3D500AAFD7E /* WeatherApp */,
				15A90D802413D3D800AAFD7E /* WeatherAppTests */,
				15A90D8B2413D3D800AAFD7E /* WeatherAppUITests */,
			);
		};
/* End PBXProject section */

/* Begin PBXResourcesBuildPhase section */
		15A90D662413D3D500AAFD7E /* Resources */ = {
			isa = PBXResourcesBuildPhase;
			buildActionMask = 2147483647;
			files = (
				15A90D7B2413D3D800AAFD7E /* LaunchScreen.storyboard in Resources */,
				15A90D782413D3D800AAFD7E /* Assets.xcassets in Resources */,
				15A90D732413D3D500AAFD7E /* Main.storyboard in Resources */,
				154B252E241AC58E0044D43E /* HomePageTableViewCell.xib in Resources */,
			);
			runOnlyForDeploymentPostprocessing = 0;
		};
		15A90D7F2413D3D800AAFD7E /* Resources */ = {
			isa = PBXResourcesBuildPhase;
			buildActionMask = 2147483647;
			files = (
			);
			runOnlyForDeploymentPostprocessing = 0;
		};
		15A90D8A2413D3D800AAFD7E /* Resources */ = {
			isa = PBXResourcesBuildPhase;
			buildActionMask = 2147483647;
			files = (
			);
			runOnlyForDeploymentPostprocessing = 0;
		};
/* End PBXResourcesBuildPhase section */

/* Begin PBXSourcesBuildPhase section */
		15A90D642413D3D500AAFD7E /* Sources */ = {
			isa = PBXSourcesBuildPhase;
			buildActionMask = 2147483647;
			files = (
				15A90DA62413F78600AAFD7E /* Response.swift in Sources */,
				15A90DA42413E56800AAFD7E /* Model.swift in Sources */,
				15A90DAC241580BF00AAFD7E /* HomePageViewController.swift in Sources */,
				15A90D762413D3D500AAFD7E /* WeatherApp.xcdatamodeld in Sources */,
				15A90DA02413E38900AAFD7E /* APIService.swift in Sources */,
				154B2533241BF7960044D43E /* APIError.swift in Sources */,
				154B252D241AC58E0044D43E /* HomePageTableViewCell.swift in Sources */,
				15A90DA22413E53500AAFD7E /* APICalls.swift in Sources */,
				15A90D702413D3D500AAFD7E /* ViewController.swift in Sources */,
				15A90D6C2413D3D500AAFD7E /* AppDelegate.swift in Sources */,
				154B2537241E8A390044D43E /* HomePageVC_Extension_CurrentLocation.swift in Sources */,
				15A90D6E2413D3D500AAFD7E /* SceneDelegate.swift in Sources */,
				154B2530241BC4360044D43E /* HomePageViewModel.swift in Sources */,
			);
			runOnlyForDeploymentPostprocessing = 0;
		};
		15A90D7D2413D3D800AAFD7E /* Sources */ = {
			isa = PBXSourcesBuildPhase;
			buildActionMask = 2147483647;
			files = (
				15A90D862413D3D800AAFD7E /* WeatherAppTests.swift in Sources */,
			);
			runOnlyForDeploymentPostprocessing = 0;
		};
		15A90D882413D3D800AAFD7E /* Sources */ = {
			isa = PBXSourcesBuildPhase;
			buildActionMask = 2147483647;
			files = (
				15A90D912413D3D800AAFD7E /* WeatherAppUITests.swift in Sources */,
			);
			runOnlyForDeploymentPostprocessing = 0;
		};
/* End PBXSourcesBuildPhase section */

/* Begin PBXTargetDependency section */
		15A90D832413D3D800AAFD7E /* PBXTargetDependency */ = {
			isa = PBXTargetDependency;
			target = 15A90D672413D3D500AAFD7E /* WeatherApp */;
			targetProxy = 15A90D822413D3D800AAFD7E /* PBXContainerItemProxy */;
		};
		15A90D8E2413D3D800AAFD7E /* PBXTargetDependency */ = {
			isa = PBXTargetDependency;
			target = 15A90D672413D3D500AAFD7E /* WeatherApp */;
			targetProxy = 15A90D8D2413D3D800AAFD7E /* PBXContainerItemProxy */;
		};
/* End PBXTargetDependency section */

/* Begin PBXVariantGroup section */
		15A90D712413D3D500AAFD7E /* Main.storyboard */ = {
			isa = PBXVariantGroup;
			children = (
				15A90D722413D3D500AAFD7E /* Base */,
			);
			name = Main.storyboard;
			sourceTree = "<group>";
		};
		15A90D792413D3D800AAFD7E /* LaunchScreen.storyboard */ = {
			isa = PBXVariantGroup;
			children = (
				15A90D7A2413D3D800AAFD7E /* Base */,
			);
			name = LaunchScreen.storyboard;
			sourceTree = "<group>";
		};
/* End PBXVariantGroup section */

/* Begin XCBuildConfiguration section */
		15A90D932413D3D800AAFD7E /* Debug */ = {
			isa = XCBuildConfiguration;
			buildSettings = {
				ALWAYS_SEARCH_USER_PATHS = NO;
				CLANG_ANALYZER_NONNULL = YES;
				CLANG_ANALYZER_NUMBER_OBJECT_CONVERSION = YES_AGGRESSIVE;
				CLANG_CXX_LANGUAGE_STANDARD = "gnu++14";
				CLANG_CXX_LIBRARY = "libc++";
				CLANG_ENABLE_MODULES = YES;
				CLANG_ENABLE_OBJC_ARC = YES;
				CLANG_ENABLE_OBJC_WEAK = YES;
				CLANG_WARN_BLOCK_CAPTURE_AUTORELEASING = YES;
				CLANG_WARN_BOOL_CONVERSION = YES;
				CLANG_WARN_COMMA = YES;
				CLANG_WARN_CONSTANT_CONVERSION = YES;
				CLANG_WARN_DEPRECATED_OBJC_IMPLEMENTATIONS = YES;
				CLANG_WARN_DIRECT_OBJC_ISA_USAGE = YES_ERROR;
				CLANG_WARN_DOCUMENTATION_COMMENTS = YES;
				CLANG_WARN_EMPTY_BODY = YES;
				CLANG_WARN_ENUM_CONVERSION = YES;
				CLANG_WARN_INFINITE_RECURSION = YES;
				CLANG_WARN_INT_CONVERSION = YES;
				CLANG_WARN_NON_LITERAL_NULL_CONVERSION = YES;
				CLANG_WARN_OBJC_IMPLICIT_RETAIN_SELF = YES;
				CLANG_WARN_OBJC_LITERAL_CONVERSION = YES;
				CLANG_WARN_OBJC_ROOT_CLASS = YES_ERROR;
				CLANG_WARN_RANGE_LOOP_ANALYSIS = YES;
				CLANG_WARN_STRICT_PROTOTYPES = YES;
				CLANG_WARN_SUSPICIOUS_MOVE = YES;
				CLANG_WARN_UNGUARDED_AVAILABILITY = YES_AGGRESSIVE;
				CLANG_WARN_UNREACHABLE_CODE = YES;
				CLANG_WARN__DUPLICATE_METHOD_MATCH = YES;
				COPY_PHASE_STRIP = NO;
				DEBUG_INFORMATION_FORMAT = dwarf;
				ENABLE_STRICT_OBJC_MSGSEND = YES;
				ENABLE_TESTABILITY = YES;
				GCC_C_LANGUAGE_STANDARD = gnu11;
				GCC_DYNAMIC_NO_PIC = NO;
				GCC_NO_COMMON_BLOCKS = YES;
				GCC_OPTIMIZATION_LEVEL = 0;
				GCC_PREPROCESSOR_DEFINITIONS = (
					"DEBUG=1",
					"$(inherited)",
				);
				GCC_WARN_64_TO_32_BIT_CONVERSION = YES;
				GCC_WARN_ABOUT_RETURN_TYPE = YES_ERROR;
				GCC_WARN_UNDECLARED_SELECTOR = YES;
				GCC_WARN_UNINITIALIZED_AUTOS = YES_AGGRESSIVE;
				GCC_WARN_UNUSED_FUNCTION = YES;
				GCC_WARN_UNUSED_VARIABLE = YES;
				IPHONEOS_DEPLOYMENT_TARGET = 13.2;
				MTL_ENABLE_DEBUG_INFO = INCLUDE_SOURCE;
				MTL_FAST_MATH = YES;
				ONLY_ACTIVE_ARCH = YES;
				SDKROOT = iphoneos;
				SWIFT_ACTIVE_COMPILATION_CONDITIONS = DEBUG;
				SWIFT_OPTIMIZATION_LEVEL = "-Onone";
			};
			name = Debug;
		};
		15A90D942413D3D800AAFD7E /* Release */ = {
			isa = XCBuildConfiguration;
			buildSettings = {
				ALWAYS_SEARCH_USER_PATHS = NO;
				CLANG_ANALYZER_NONNULL = YES;
				CLANG_ANALYZER_NUMBER_OBJECT_CONVERSION = YES_AGGRESSIVE;
				CLANG_CXX_LANGUAGE_STANDARD = "gnu++14";
				CLANG_CXX_LIBRARY = "libc++";
				CLANG_ENABLE_MODULES = YES;
				CLANG_ENABLE_OBJC_ARC = YES;
				CLANG_ENABLE_OBJC_WEAK = YES;
				CLANG_WARN_BLOCK_CAPTURE_AUTORELEASING = YES;
				CLANG_WARN_BOOL_CONVERSION = YES;
				CLANG_WARN_COMMA = YES;
				CLANG_WARN_CONSTANT_CONVERSION = YES;
				CLANG_WARN_DEPRECATED_OBJC_IMPLEMENTATIONS = YES;
				CLANG_WARN_DIRECT_OBJC_ISA_USAGE = YES_ERROR;
				CLANG_WARN_DOCUMENTATION_COMMENTS = YES;
				CLANG_WARN_EMPTY_BODY = YES;
				CLANG_WARN_ENUM_CONVERSION = YES;
				CLANG_WARN_INFINITE_RECURSION = YES;
				CLANG_WARN_INT_CONVERSION = YES;
				CLANG_WARN_NON_LITERAL_NULL_CONVERSION = YES;
				CLANG_WARN_OBJC_IMPLICIT_RETAIN_SELF = YES;
				CLANG_WARN_OBJC_LITERAL_CONVERSION = YES;
				CLANG_WARN_OBJC_ROOT_CLASS = YES_ERROR;
				CLANG_WARN_RANGE_LOOP_ANALYSIS = YES;
				CLANG_WARN_STRICT_PROTOTYPES = YES;
				CLANG_WARN_SUSPICIOUS_MOVE = YES;
				CLANG_WARN_UNGUARDED_AVAILABILITY = YES_AGGRESSIVE;
				CLANG_WARN_UNREACHABLE_CODE = YES;
				CLANG_WARN__DUPLICATE_METHOD_MATCH = YES;
				COPY_PHASE_STRIP = NO;
				DEBUG_INFORMATION_FORMAT = "dwarf-with-dsym";
				ENABLE_NS_ASSERTIONS = NO;
				ENABLE_STRICT_OBJC_MSGSEND = YES;
				GCC_C_LANGUAGE_STANDARD = gnu11;
				GCC_NO_COMMON_BLOCKS = YES;
				GCC_WARN_64_TO_32_BIT_CONVERSION = YES;
				GCC_WARN_ABOUT_RETURN_TYPE = YES_ERROR;
				GCC_WARN_UNDECLARED_SELECTOR = YES;
				GCC_WARN_UNINITIALIZED_AUTOS = YES_AGGRESSIVE;
				GCC_WARN_UNUSED_FUNCTION = YES;
				GCC_WARN_UNUSED_VARIABLE = YES;
				IPHONEOS_DEPLOYMENT_TARGET = 13.2;
				MTL_ENABLE_DEBUG_INFO = NO;
				MTL_FAST_MATH = YES;
				SDKROOT = iphoneos;
				SWIFT_COMPILATION_MODE = wholemodule;
				SWIFT_OPTIMIZATION_LEVEL = "-O";
				VALIDATE_PRODUCT = YES;
			};
			name = Release;
		};
		15A90D962413D3D800AAFD7E /* Debug */ = {
			isa = XCBuildConfiguration;
			buildSettings = {
				ASSETCATALOG_COMPILER_APPICON_NAME = AppIcon;
				CODE_SIGN_STYLE = Automatic;
				DEVELOPMENT_TEAM = F729H4D7P8;
				INFOPLIST_FILE = WeatherApp/Info.plist;
				LD_RUNPATH_SEARCH_PATHS = (
					"$(inherited)",
					"@executable_path/Frameworks",
				);
				PRODUCT_BUNDLE_IDENTIFIER = rahal.WeatherApp;
				PRODUCT_NAME = "$(TARGET_NAME)";
				SWIFT_VERSION = 5.0;
				TARGETED_DEVICE_FAMILY = "1,2";
			};
			name = Debug;
		};
		15A90D972413D3D800AAFD7E /* Release */ = {
			isa = XCBuildConfiguration;
			buildSettings = {
				ASSETCATALOG_COMPILER_APPICON_NAME = AppIcon;
				CODE_SIGN_STYLE = Automatic;
				DEVELOPMENT_TEAM = F729H4D7P8;
				INFOPLIST_FILE = WeatherApp/Info.plist;
				LD_RUNPATH_SEARCH_PATHS = (
					"$(inherited)",
					"@executable_path/Frameworks",
				);
				PRODUCT_BUNDLE_IDENTIFIER = rahal.WeatherApp;
				PRODUCT_NAME = "$(TARGET_NAME)";
				SWIFT_VERSION = 5.0;
				TARGETED_DEVICE_FAMILY = "1,2";
			};
			name = Release;
		};
		15A90D992413D3D800AAFD7E /* Debug */ = {
			isa = XCBuildConfiguration;
			buildSettings = {
				ALWAYS_EMBED_SWIFT_STANDARD_LIBRARIES = YES;
				BUNDLE_LOADER = "$(TEST_HOST)";
				CODE_SIGN_STYLE = Automatic;
				DEVELOPMENT_TEAM = F729H4D7P8;
				INFOPLIST_FILE = WeatherAppTests/Info.plist;
				IPHONEOS_DEPLOYMENT_TARGET = 13.2;
				LD_RUNPATH_SEARCH_PATHS = (
					"$(inherited)",
					"@executable_path/Frameworks",
					"@loader_path/Frameworks",
				);
				PRODUCT_BUNDLE_IDENTIFIER = rahal.WeatherAppTests;
				PRODUCT_NAME = "$(TARGET_NAME)";
				SWIFT_VERSION = 5.0;
				TARGETED_DEVICE_FAMILY = "1,2";
				TEST_HOST = "$(BUILT_PRODUCTS_DIR)/WeatherApp.app/WeatherApp";
			};
			name = Debug;
		};
		15A90D9A2413D3D800AAFD7E /* Release */ = {
			isa = XCBuildConfiguration;
			buildSettings = {
				ALWAYS_EMBED_SWIFT_STANDARD_LIBRARIES = YES;
				BUNDLE_LOADER = "$(TEST_HOST)";
				CODE_SIGN_STYLE = Automatic;
				DEVELOPMENT_TEAM = F729H4D7P8;
				INFOPLIST_FILE = WeatherAppTests/Info.plist;
				IPHONEOS_DEPLOYMENT_TARGET = 13.2;
				LD_RUNPATH_SEARCH_PATHS = (
					"$(inherited)",
					"@executable_path/Frameworks",
					"@loader_path/Frameworks",
				);
				PRODUCT_BUNDLE_IDENTIFIER = rahal.WeatherAppTests;
				PRODUCT_NAME = "$(TARGET_NAME)";
				SWIFT_VERSION = 5.0;
				TARGETED_DEVICE_FAMILY = "1,2";
				TEST_HOST = "$(BUILT_PRODUCTS_DIR)/WeatherApp.app/WeatherApp";
			};
			name = Release;
		};
		15A90D9C2413D3D800AAFD7E /* Debug */ = {
			isa = XCBuildConfiguration;
			buildSettings = {
				ALWAYS_EMBED_SWIFT_STANDARD_LIBRARIES = YES;
				CODE_SIGN_STYLE = Automatic;
				DEVELOPMENT_TEAM = F729H4D7P8;
				INFOPLIST_FILE = WeatherAppUITests/Info.plist;
				LD_RUNPATH_SEARCH_PATHS = (
					"$(inherited)",
					"@executable_path/Frameworks",
					"@loader_path/Frameworks",
				);
				PRODUCT_BUNDLE_IDENTIFIER = rahal.WeatherAppUITests;
				PRODUCT_NAME = "$(TARGET_NAME)";
				SWIFT_VERSION = 5.0;
				TARGETED_DEVICE_FAMILY = "1,2";
				TEST_TARGET_NAME = WeatherApp;
			};
			name = Debug;
		};
		15A90D9D2413D3D800AAFD7E /* Release */ = {
			isa = XCBuildConfiguration;
			buildSettings = {
				ALWAYS_EMBED_SWIFT_STANDARD_LIBRARIES = YES;
				CODE_SIGN_STYLE = Automatic;
				DEVELOPMENT_TEAM = F729H4D7P8;
				INFOPLIST_FILE = WeatherAppUITests/Info.plist;
				LD_RUNPATH_SEARCH_PATHS = (
					"$(inherited)",
					"@executable_path/Frameworks",
					"@loader_path/Frameworks",
				);
				PRODUCT_BUNDLE_IDENTIFIER = rahal.WeatherAppUITests;
				PRODUCT_NAME = "$(TARGET_NAME)";
				SWIFT_VERSION = 5.0;
				TARGETED_DEVICE_FAMILY = "1,2";
				TEST_TARGET_NAME = WeatherApp;
			};
			name = Release;
		};
/* End XCBuildConfiguration section */

/* Begin XCConfigurationList section */
		15A90D632413D3D500AAFD7E /* Build configuration list for PBXProject "WeatherApp" */ = {
			isa = XCConfigurationList;
			buildConfigurations = (
				15A90D932413D3D800AAFD7E /* Debug */,
				15A90D942413D3D800AAFD7E /* Release */,
			);
			defaultConfigurationIsVisible = 0;
			defaultConfigurationName = Release;
		};
		15A90D952413D3D800AAFD7E /* Build configuration list for PBXNativeTarget "WeatherApp" */ = {
			isa = XCConfigurationList;
			buildConfigurations = (
				15A90D962413D3D800AAFD7E /* Debug */,
				15A90D972413D3D800AAFD7E /* Release */,
			);
			defaultConfigurationIsVisible = 0;
			defaultConfigurationName = Release;
		};
		15A90D982413D3D800AAFD7E /* Build configuration list for PBXNativeTarget "WeatherAppTests" */ = {
			isa = XCConfigurationList;
			buildConfigurations = (
				15A90D992413D3D800AAFD7E /* Debug */,
				15A90D9A2413D3D800AAFD7E /* Release */,
			);
			defaultConfigurationIsVisible = 0;
			defaultConfigurationName = Release;
		};
		15A90D9B2413D3D800AAFD7E /* Build configuration list for PBXNativeTarget "WeatherAppUITests" */ = {
			isa = XCConfigurationList;
			buildConfigurations = (
				15A90D9C2413D3D800AAFD7E /* Debug */,
				15A90D9D2413D3D800AAFD7E /* Release */,
			);
			defaultConfigurationIsVisible = 0;
			defaultConfigurationName = Release;
		};
/* End XCConfigurationList section */

/* Begin XCVersionGroup section */
		15A90D742413D3D500AAFD7E /* WeatherApp.xcdatamodeld */ = {
			isa = XCVersionGroup;
			children = (
				15A90D752413D3D500AAFD7E /* WeatherApp.xcdatamodel */,
			);
			currentVersion = 15A90D752413D3D500AAFD7E /* WeatherApp.xcdatamodel */;
			path = WeatherApp.xcdatamodeld;
			sourceTree = "<group>";
			versionGroupType = wrapper.xcdatamodel;
		};
/* End XCVersionGroup section */
	};
	rootObject = 15A90D602413D3D500AAFD7E /* Project object */;
}
